
Microsoft Visual Studio Solution File, Format Version 12.00
# Visual Studio Version 17
VisualStudioVersion = 17.7.34031.279
MinimumVisualStudioVersion = 10.0.40219.1
Project("{FAE04EC0-301F-11D3-BF4B-00C04F79EFBC}") = "WinFormsPasswordManager", "WinFormsPasswordManager\WinFormsPasswordManager.csproj", "{9CB24B4D-A750-4197-B078-4B143029CF12}"
EndProject
Global
	GlobalSection(SolutionConfigurationPlatforms) = preSolution
		Debug|Any CPU = Debug|Any CPU
		Release|Any CPU = Release|Any CPU
	EndGlobalSection
	GlobalSection(ProjectConfigurationPlatforms) = postSolution
		{9CB24B4D-A750-4197-B078-4B143029CF12}.Debug|Any CPU.ActiveCfg = Debug|Any CPU
		{9CB24B4D-A750-4197-B078-4B143029CF12}.Debug|Any CPU.Build.0 = Debug|Any CPU
		{9CB24B4D-A750-4197-B078-4B143029CF12}.Release|Any CPU.ActiveCfg = Release|Any CPU
		{9CB24B4D-A750-4197-B078-4B143029CF12}.Release|Any CPU.Build.0 = Release|Any CPU
	EndGlobalSection
	GlobalSection(SolutionProperties) = preSolution
		HideSolutionNode = FALSE
	EndGlobalSection
	GlobalSection(ExtensibilityGlobals) = postSolution
		SolutionGuid = {B381F403-A500-4A71-9FB9-99AE5BA5C7DA}
	EndGlobalSection
EndGlobal
